
Microsoft Visual Studio Solution File, Format Version 12.00
# Visual Studio Version 16
VisualStudioVersion = 16.0.30517.126
MinimumVisualStudioVersion = 10.0.40219.1
Project("{9A19103F-16F7-4668-BE54-9A1E7A4F7556}") = "GerenciadorDeCondominios.Web", "GerenciadorDeCondominios.Web\GerenciadorDeCondominios.Web.csproj", "{5BF77BBD-F5A3-4450-8061-69F81A38F030}"
EndProject
Project("{9A19103F-16F7-4668-BE54-9A1E7A4F7556}") = "GerenciadorDeCondominios.Domain", "GerenciadorDeCondominios.Domain\GerenciadorDeCondominios.Domain.csproj", "{F460F09C-59EE-4767-AC54-04E6B1CBF81C}"
EndProject
Project("{9A19103F-16F7-4668-BE54-9A1E7A4F7556}") = "GerenciadorDeCondominios.Infrastructure", "GerenciadorDeCondominio.Infrastructure\GerenciadorDeCondominios.Infrastructure.csproj", "{E096CB9F-5E16-4182-9F15-411A0C5A6C7C}"
EndProject
Global
	GlobalSection(SolutionConfigurationPlatforms) = preSolution
		Debug|Any CPU = Debug|Any CPU
		Release|Any CPU = Release|Any CPU
	EndGlobalSection
	GlobalSection(ProjectConfigurationPlatforms) = postSolution
		{5BF77BBD-F5A3-4450-8061-69F81A38F030}.Debug|Any CPU.ActiveCfg = Debug|Any CPU
		{5BF77BBD-F5A3-4450-8061-69F81A38F030}.Debug|Any CPU.Build.0 = Debug|Any CPU
		{5BF77BBD-F5A3-4450-8061-69F81A38F030}.Release|Any CPU.ActiveCfg = Release|Any CPU
		{5BF77BBD-F5A3-4450-8061-69F81A38F030}.Release|Any CPU.Build.0 = Release|Any CPU
		{F460F09C-59EE-4767-AC54-04E6B1CBF81C}.Debug|Any CPU.ActiveCfg = Debug|Any CPU
		{F460F09C-59EE-4767-AC54-04E6B1CBF81C}.Debug|Any CPU.Build.0 = Debug|Any CPU
		{F460F09C-59EE-4767-AC54-04E6B1CBF81C}.Release|Any CPU.ActiveCfg = Release|Any CPU
		{F460F09C-59EE-4767-AC54-04E6B1CBF81C}.Release|Any CPU.Build.0 = Release|Any CPU
		{E096CB9F-5E16-4182-9F15-411A0C5A6C7C}.Debug|Any CPU.ActiveCfg = Debug|Any CPU
		{E096CB9F-5E16-4182-9F15-411A0C5A6C7C}.Debug|Any CPU.Build.0 = Debug|Any CPU
		{E096CB9F-5E16-4182-9F15-411A0C5A6C7C}.Release|Any CPU.ActiveCfg = Release|Any CPU
		{E096CB9F-5E16-4182-9F15-411A0C5A6C7C}.Release|Any CPU.Build.0 = Release|Any CPU
	EndGlobalSection
	GlobalSection(SolutionProperties) = preSolution
		HideSolutionNode = FALSE
	EndGlobalSection
	GlobalSection(ExtensibilityGlobals) = postSolution
		SolutionGuid = {8D66B547-53EF-4BEF-946D-0121E918E548}
	EndGlobalSection
EndGlobal
